
Microsoft Visual Studio Solution File, Format Version 12.00
# Visual Studio Version 17
VisualStudioVersion = 17.5.33627.172
MinimumVisualStudioVersion = 10.0.40219.1
Project("{9A19103F-16F7-4668-BE54-9A1E7A4F7556}") = "HospitalInformationSystem.Data", "HospitalInformationSystem.Data\HospitalInformationSystem.Data.csproj", "{3F62DBEA-169D-48B5-8A9C-3D19FD0BBAA6}"
EndProject
Project("{9A19103F-16F7-4668-BE54-9A1E7A4F7556}") = "HospitalInformationSystem.Service", "HospitalInformationSystem.Service\HospitalInformationSystem.Service.csproj", "{7C0ACC66-2082-4262-889C-3032D48E5C42}"
EndProject
Project("{9A19103F-16F7-4668-BE54-9A1E7A4F7556}") = "HospitalInformationSystem.Domain", "HospitalInformationSystem.Domain\HospitalInformationSystem.Domain.csproj", "{D018FDA8-A6E6-40A6-A635-E3588E973040}"
EndProject
Project("{FAE04EC0-301F-11D3-BF4B-00C04F79EFBC}") = "HospitalInformationSystem", "Test\HospitalInformationSystem.csproj", "{51219F04-7A5B-4C0C-8D43-2FFCEFF8A22A}"
EndProject
Global
	GlobalSection(SolutionConfigurationPlatforms) = preSolution
		Debug|Any CPU = Debug|Any CPU
		Release|Any CPU = Release|Any CPU
	EndGlobalSection
	GlobalSection(ProjectConfigurationPlatforms) = postSolution
		{3F62DBEA-169D-48B5-8A9C-3D19FD0BBAA6}.Debug|Any CPU.ActiveCfg = Debug|Any CPU
		{3F62DBEA-169D-48B5-8A9C-3D19FD0BBAA6}.Debug|Any CPU.Build.0 = Debug|Any CPU
		{3F62DBEA-169D-48B5-8A9C-3D19FD0BBAA6}.Release|Any CPU.ActiveCfg = Release|Any CPU
		{3F62DBEA-169D-48B5-8A9C-3D19FD0BBAA6}.Release|Any CPU.Build.0 = Release|Any CPU
		{7C0ACC66-2082-4262-889C-3032D48E5C42}.Debug|Any CPU.ActiveCfg = Debug|Any CPU
		{7C0ACC66-2082-4262-889C-3032D48E5C42}.Debug|Any CPU.Build.0 = Debug|Any CPU
		{7C0ACC66-2082-4262-889C-3032D48E5C42}.Release|Any CPU.ActiveCfg = Release|Any CPU
		{7C0ACC66-2082-4262-889C-3032D48E5C42}.Release|Any CPU.Build.0 = Release|Any CPU
		{D018FDA8-A6E6-40A6-A635-E3588E973040}.Debug|Any CPU.ActiveCfg = Debug|Any CPU
		{D018FDA8-A6E6-40A6-A635-E3588E973040}.Debug|Any CPU.Build.0 = Debug|Any CPU
		{D018FDA8-A6E6-40A6-A635-E3588E973040}.Release|Any CPU.ActiveCfg = Release|Any CPU
		{D018FDA8-A6E6-40A6-A635-E3588E973040}.Release|Any CPU.Build.0 = Release|Any CPU
		{51219F04-7A5B-4C0C-8D43-2FFCEFF8A22A}.Debug|Any CPU.ActiveCfg = Debug|Any CPU
		{51219F04-7A5B-4C0C-8D43-2FFCEFF8A22A}.Debug|Any CPU.Build.0 = Debug|Any CPU
		{51219F04-7A5B-4C0C-8D43-2FFCEFF8A22A}.Release|Any CPU.ActiveCfg = Release|Any CPU
		{51219F04-7A5B-4C0C-8D43-2FFCEFF8A22A}.Release|Any CPU.Build.0 = Release|Any CPU
	EndGlobalSection
	GlobalSection(SolutionProperties) = preSolution
		HideSolutionNode = FALSE
	EndGlobalSection
	GlobalSection(ExtensibilityGlobals) = postSolution
		SolutionGuid = {99A44B21-3548-4C7B-B152-26F4D05DF04C}
	EndGlobalSection
EndGlobal
